
Microsoft Visual Studio Solution File, Format Version 12.00
# Visual Studio Version 16
VisualStudioVersion = 16.0.29020.237
MinimumVisualStudioVersion = 10.0.40219.1
Project("{FAE04EC0-301F-11D3-BF4B-00C04F79EFBC}") = "ChattingBox", "ChattingBox\ChattingBox.csproj", "{7A5A7235-58F0-4EF2-81C3-3C58F63CC52F}"
EndProject
Global
	GlobalSection(SolutionConfigurationPlatforms) = preSolution
		Debug|Any CPU = Debug|Any CPU
		Release|Any CPU = Release|Any CPU
	EndGlobalSection
	GlobalSection(ProjectConfigurationPlatforms) = postSolution
		{7A5A7235-58F0-4EF2-81C3-3C58F63CC52F}.Debug|Any CPU.ActiveCfg = Debug|Any CPU
		{7A5A7235-58F0-4EF2-81C3-3C58F63CC52F}.Debug|Any CPU.Build.0 = Debug|Any CPU
		{7A5A7235-58F0-4EF2-81C3-3C58F63CC52F}.Release|Any CPU.ActiveCfg = Release|Any CPU
		{7A5A7235-58F0-4EF2-81C3-3C58F63CC52F}.Release|Any CPU.Build.0 = Release|Any CPU
	EndGlobalSection
	GlobalSection(SolutionProperties) = preSolution
		HideSolutionNode = FALSE
	EndGlobalSection
	GlobalSection(ExtensibilityGlobals) = postSolution
		SolutionGuid = {1D14222C-9A25-41A7-9829-602877DF0B66}
	EndGlobalSection
EndGlobal
